
Microsoft Visual Studio Solution File, Format Version 11.00
# Visual Studio 2010
Project("{FAE04EC0-301F-11D3-BF4B-00C04F79EFBC}") = "Assembly-CSharp", "Assembly-CSharp.csproj", "{21677620-5050-b1c6-c291-f858b2e62548}"
EndProject
Project("{FAE04EC0-301F-11D3-BF4B-00C04F79EFBC}") = "Assembly-CSharp-Editor", "Assembly-CSharp-Editor.csproj", "{ad96c2d2-9a73-c495-7971-d38a7f45e6b7}"
EndProject
Global
	GlobalSection(SolutionConfigurationPlatforms) = preSolution
		Debug|Any CPU = Debug|Any CPU
	EndGlobalSection
	GlobalSection(ProjectConfigurationPlatforms) = postSolution
		{21677620-5050-b1c6-c291-f858b2e62548}.Debug|Any CPU.ActiveCfg = Debug|Any CPU
		{21677620-5050-b1c6-c291-f858b2e62548}.Debug|Any CPU.Build.0 = Debug|Any CPU
		{ad96c2d2-9a73-c495-7971-d38a7f45e6b7}.Debug|Any CPU.ActiveCfg = Debug|Any CPU
		{ad96c2d2-9a73-c495-7971-d38a7f45e6b7}.Debug|Any CPU.Build.0 = Debug|Any CPU
	EndGlobalSection
	GlobalSection(SolutionProperties) = preSolution
		HideSolutionNode = FALSE
	EndGlobalSection
EndGlobal
